
Microsoft Visual Studio Solution File, Format Version 12.00
# Visual Studio Version 17
VisualStudioVersion = 17.14.36109.1 d17.14
MinimumVisualStudioVersion = 10.0.40219.1
Project("{FAE04EC0-301F-11D3-BF4B-00C04F79EFBC}") = "EducationalConsulting", "EducationalConsulting\EducationalConsulting.csproj", "{DBEF05DE-5A3F-4C38-8E3E-D33A50CB02C3}"
EndProject
Global
	GlobalSection(SolutionConfigurationPlatforms) = preSolution
		Debug|Any CPU = Debug|Any CPU
		Release|Any CPU = Release|Any CPU
	EndGlobalSection
	GlobalSection(ProjectConfigurationPlatforms) = postSolution
		{DBEF05DE-5A3F-4C38-8E3E-D33A50CB02C3}.Debug|Any CPU.ActiveCfg = Debug|Any CPU
		{DBEF05DE-5A3F-4C38-8E3E-D33A50CB02C3}.Debug|Any CPU.Build.0 = Debug|Any CPU
		{DBEF05DE-5A3F-4C38-8E3E-D33A50CB02C3}.Release|Any CPU.ActiveCfg = Release|Any CPU
		{DBEF05DE-5A3F-4C38-8E3E-D33A50CB02C3}.Release|Any CPU.Build.0 = Release|Any CPU
	EndGlobalSection
	GlobalSection(SolutionProperties) = preSolution
		HideSolutionNode = FALSE
	EndGlobalSection
	GlobalSection(ExtensibilityGlobals) = postSolution
		SolutionGuid = {C58B4713-8082-40AA-A6C1-0EBF6A4938C3}
	EndGlobalSection
EndGlobal
